
Microsoft Visual Studio Solution File, Format Version 12.00
# Visual Studio Version 17
VisualStudioVersion = 17.2.32616.157
MinimumVisualStudioVersion = 10.0.40219.1
Project("{FAE04EC0-301F-11D3-BF4B-00C04F79EFBC}") = "ComparacionesLinguisticas", "ComparacionesLinguisticas\ComparacionesLinguisticas.csproj", "{0131C6DC-CE65-4853-9439-284F2014A09B}"
EndProject
Global
	GlobalSection(SolutionConfigurationPlatforms) = preSolution
		Debug|Any CPU = Debug|Any CPU
		Release|Any CPU = Release|Any CPU
	EndGlobalSection
	GlobalSection(ProjectConfigurationPlatforms) = postSolution
		{0131C6DC-CE65-4853-9439-284F2014A09B}.Debug|Any CPU.ActiveCfg = Debug|Any CPU
		{0131C6DC-CE65-4853-9439-284F2014A09B}.Debug|Any CPU.Build.0 = Debug|Any CPU
		{0131C6DC-CE65-4853-9439-284F2014A09B}.Release|Any CPU.ActiveCfg = Release|Any CPU
		{0131C6DC-CE65-4853-9439-284F2014A09B}.Release|Any CPU.Build.0 = Release|Any CPU
	EndGlobalSection
	GlobalSection(SolutionProperties) = preSolution
		HideSolutionNode = FALSE
	EndGlobalSection
	GlobalSection(ExtensibilityGlobals) = postSolution
		SolutionGuid = {8DC2B04A-1B53-4DAF-BC20-0C0E5E655D99}
	EndGlobalSection
EndGlobal
